{
  "name": "1",
  "version": "1.0.0",
  "lockfileVersion": 1,
  "requires": true,
  "dependencies": {
    "esm": {
      "version": "3.0.72",
      "resolved": "https://registry.npmjs.org/esm/-/esm-3.0.72.tgz",
      "integrity": "sha512-xmh7Ay/71Wl41EPM3FVomp/GZKMgEGoo3x/qWdbGi+0DODbte+2l1sSXAiDKahBQn0zioG30ZNJTkxz08pEsMw=="
    }
  }
}
